
Microsoft Visual Studio Solution File, Format Version 12.00
# Visual Studio Version 16
VisualStudioVersion = 16.0.30011.22
MinimumVisualStudioVersion = 10.0.40219.1
Project("{FAE04EC0-301F-11D3-BF4B-00C04F79EFBC}") = "xAPI.BL", "xAPI.BL\xAPI.BL.csproj", "{78E808D8-BF6E-4839-AF5F-5B3161F940B6}"
EndProject
Project("{FAE04EC0-301F-11D3-BF4B-00C04F79EFBC}") = "xAPI.Dao", "xAPI.Dao\xAPI.Dao.csproj", "{A0AAC817-769E-415A-827C-CAEA6C37E83C}"
EndProject
Project("{FAE04EC0-301F-11D3-BF4B-00C04F79EFBC}") = "xAPI.Entity", "xAPI.Entity\xAPI.Entity.csproj", "{C0164BFA-C9F7-4ECF-A186-7FA602BB4B17}"
EndProject
Project("{FAE04EC0-301F-11D3-BF4B-00C04F79EFBC}") = "xWebServices", "xWebServices\xWebServices.csproj", "{10A19AB7-00B7-4616-A36B-33535380A926}"
EndProject
Global
	GlobalSection(SolutionConfigurationPlatforms) = preSolution
		Debug|Any CPU = Debug|Any CPU
		Release|Any CPU = Release|Any CPU
	EndGlobalSection
	GlobalSection(ProjectConfigurationPlatforms) = postSolution
		{78E808D8-BF6E-4839-AF5F-5B3161F940B6}.Debug|Any CPU.ActiveCfg = Debug|Any CPU
		{78E808D8-BF6E-4839-AF5F-5B3161F940B6}.Debug|Any CPU.Build.0 = Debug|Any CPU
		{78E808D8-BF6E-4839-AF5F-5B3161F940B6}.Release|Any CPU.ActiveCfg = Release|Any CPU
		{78E808D8-BF6E-4839-AF5F-5B3161F940B6}.Release|Any CPU.Build.0 = Release|Any CPU
		{A0AAC817-769E-415A-827C-CAEA6C37E83C}.Debug|Any CPU.ActiveCfg = Debug|Any CPU
		{A0AAC817-769E-415A-827C-CAEA6C37E83C}.Debug|Any CPU.Build.0 = Debug|Any CPU
		{A0AAC817-769E-415A-827C-CAEA6C37E83C}.Release|Any CPU.ActiveCfg = Release|Any CPU
		{A0AAC817-769E-415A-827C-CAEA6C37E83C}.Release|Any CPU.Build.0 = Release|Any CPU
		{C0164BFA-C9F7-4ECF-A186-7FA602BB4B17}.Debug|Any CPU.ActiveCfg = Debug|Any CPU
		{C0164BFA-C9F7-4ECF-A186-7FA602BB4B17}.Debug|Any CPU.Build.0 = Debug|Any CPU
		{C0164BFA-C9F7-4ECF-A186-7FA602BB4B17}.Release|Any CPU.ActiveCfg = Release|Any CPU
		{C0164BFA-C9F7-4ECF-A186-7FA602BB4B17}.Release|Any CPU.Build.0 = Release|Any CPU
		{10A19AB7-00B7-4616-A36B-33535380A926}.Debug|Any CPU.ActiveCfg = Debug|Any CPU
		{10A19AB7-00B7-4616-A36B-33535380A926}.Debug|Any CPU.Build.0 = Debug|Any CPU
		{10A19AB7-00B7-4616-A36B-33535380A926}.Release|Any CPU.ActiveCfg = Release|Any CPU
		{10A19AB7-00B7-4616-A36B-33535380A926}.Release|Any CPU.Build.0 = Release|Any CPU
	EndGlobalSection
	GlobalSection(SolutionProperties) = preSolution
		HideSolutionNode = FALSE
	EndGlobalSection
	GlobalSection(ExtensibilityGlobals) = postSolution
		SolutionGuid = {590E639F-84CD-44A5-BE6D-F92804BDC0DE}
	EndGlobalSection
EndGlobal
